schema: '2.0'
stages:
  prepare_dataset:
    cmd: ..\..\venv\Scripts\python.exe ./utils/dataset_test_create.py
    deps:
    - path: utils/dataset_test_create.py
      hash: md5
      md5: 237ff9d74c9e61f4741d541dc1863963
      size: 526
    params:
      params.yaml:
        dataset.path_test: D:\datasets\pool\under\dataset_120623
    outs:
    - path: dataset/yolo.yaml
      hash: md5
      md5: 693111ed043f22c290150ebc61128fe7
      size: 123
  prepare_model:
    cmd: ..\..\venv\Scripts\python.exe ./utils/model_create.py
    deps:
    - path: utils/model_create.py
      hash: md5
      md5: f34460e9eb24d97f9db915cfc9ce9b6a
      size: 2154
    params:
      params.yaml:
        model_test.name: yolov8m_120623.pt
    outs:
    - path: models/yolov8_under.pt
      hash: md5
      md5: fe798f28ebcff42c584c8f9a1281625f
      size: 311009255
  test:
    cmd: ..\..\venv\Scripts\python.exe ./utils/start_test.py --model_path ./models/yolov8_under.pt
      --data_path ./dataset/yolo.yaml
    deps:
    - path: dataset/yolo.yaml
      hash: md5
      md5: 693111ed043f22c290150ebc61128fe7
      size: 123
    - path: models/yolov8_under.pt
      hash: md5
      md5: fe798f28ebcff42c584c8f9a1281625f
      size: 311009255
    - path: utils/start_test.py
      hash: md5
      md5: fc088073c0eb78ca7f3133add53579b2
      size: 1507
    outs:
    - path: metrics/metrics.json
      hash: md5
      md5: 1f5b8369ec877ae4d516b6899ac6d060
      size: 199
    - path: plots/prc.json
      hash: md5
      md5: c3b7437aa270b247c2b788a0a649334f
      size: 920346
